// !$*UTF8*$!
{
	archiveVersion = 1;
	classes = {
	};
	objectVersion = 56;
	objects = {

/* Begin PBXBuildFile section */
		CCD7F2012B3DE0BE00D72071 /* SeekIssueApp.swift in Sources */ = {isa = PBXBuildFile; fileRef = CCD7F2002B3DE0BE00D72071 /* SeekIssueApp.swift */; };
		CCD7F2032B3DE0BE00D72071 /* ContentView.swift in Sources */ = {isa = PBXBuildFile; fileRef = CCD7F2022B3DE0BE00D72071 /* ContentView.swift */; };
		CCD7F2052B3DE0BF00D72071 /* Assets.xcassets in Resources */ = {isa = PBXBuildFile; fileRef = CCD7F2042B3DE0BF00D72071 /* Assets.xcassets */; };
		CCD7F2082B3DE0BF00D72071 /* Preview Assets.xcassets in Resources */ = {isa = PBXBuildFile; fileRef = CCD7F2072B3DE0BF00D72071 /* Preview Assets.xcassets */; };
		CCD7F2102B3DE17B00D72071 /* IMG_1375.MOV in Resources */ = {isa = PBXBuildFile; fileRef = CCD7F20E2B3DE17A00D72071 /* IMG_1375.MOV */; };
		CCD7F2112B3DE17B00D72071 /* IMG_1376.MOV in Resources */ = {isa = PBXBuildFile; fileRef = CCD7F20F2B3DE17B00D72071 /* IMG_1376.MOV */; };
/* End PBXBuildFile section */

/* Begin PBXFileReference section */
		CCD7F1FD2B3DE0BE00D72071 /* SeekIssue.app */ = {isa = PBXFileReference; explicitFileType = wrapper.application; includeInIndex = 0; path = SeekIssue.app; sourceTree = BUILT_PRODUCTS_DIR; };
		CCD7F2002B3DE0BE00D72071 /* SeekIssueApp.swift */ = {isa = PBXFileReference; lastKnownFileType = sourcecode.swift; path = SeekIssueApp.swift; sourceTree = "<group>"; };
		CCD7F2022B3DE0BE00D72071 /* ContentView.swift */ = {isa = PBXFileReference; lastKnownFileType = sourcecode.swift; path = ContentView.swift; sourceTree = "<group>"; };
		CCD7F2042B3DE0BF00D72071 /* Assets.xcassets */ = {isa = PBXFileReference; lastKnownFileType = folder.assetcatalog; path = Assets.xcassets; sourceTree = "<group>"; };
		CCD7F2072B3DE0BF00D72071 /* Preview Assets.xcassets */ = {isa = PBXFileReference; lastKnownFileType = folder.assetcatalog; path = "Preview Assets.xcassets"; sourceTree = "<group>"; };
		CCD7F20E2B3DE17A00D72071 /* IMG_1375.MOV */ = {isa = PBXFileReference; lastKnownFileType = video.quicktime; path = IMG_1375.MOV; sourceTree = "<group>"; };
		CCD7F20F2B3DE17B00D72071 /* IMG_1376.MOV */ = {isa = PBXFileReference; lastKnownFileType = video.quicktime; path = IMG_1376.MOV; sourceTree = "<group>"; };
/* End PBXFileReference section */

/* Begin PBXFrameworksBuildPhase section */
		CCD7F1FA2B3DE0BE00D72071 /* Frameworks */ = {
			isa = PBXFrameworksBuildPhase;
			buildActionMask = 2147483647;
			files = (
			);
			runOnlyForDeploymentPostprocessing = 0;
		};
/* End PBXFrameworksBuildPhase section */

/* Begin PBXGroup section */
		CCD7F1F42B3DE0BE00D72071 = {
			isa = PBXGroup;
			children = (
				CCD7F1FF2B3DE0BE00D72071 /* SeekIssue */,
				CCD7F1FE2B3DE0BE00D72071 /* Products */,
			);
			sourceTree = "<group>";
		};
		CCD7F1FE2B3DE0BE00D72071 /* Products */ = {
			isa = PBXGroup;
			children = (
				CCD7F1FD2B3DE0BE00D72071 /* SeekIssue.app */,
			);
			name = Products;
			sourceTree = "<group>";
		};
		CCD7F1FF2B3DE0BE00D72071 /* SeekIssue */ = {
			isa = PBXGroup;
			children = (
				CCD7F20E2B3DE17A00D72071 /* IMG_1375.MOV */,
				CCD7F20F2B3DE17B00D72071 /* IMG_1376.MOV */,
				CCD7F2002B3DE0BE00D72071 /* SeekIssueApp.swift */,
				CCD7F2022B3DE0BE00D72071 /* ContentView.swift */,
				CCD7F2042B3DE0BF00D72071 /* Assets.xcassets */,
				CCD7F2062B3DE0BF00D72071 /* Preview Content */,
			);
			path = SeekIssue;
			sourceTree = "<group>";
		};
		CCD7F2062B3DE0BF00D72071 /* Preview Content */ = {
			isa = PBXGroup;
			children = (
				CCD7F2072B3DE0BF00D72071 /* Preview Assets.xcassets */,
			);
			path = "Preview Content";
			sourceTree = "<group>";
		};
/* End PBXGroup section */

/* Begin PBXNativeTarget section */
		CCD7F1FC2B3DE0BE00D72071 /* SeekIssue */ = {
			isa = PBXNativeTarget;
			buildConfigurationList = CCD7F20B2B3DE0BF00D72071 /* Build configuration list for PBXNativeTarget "SeekIssue" */;
			buildPhases = (
				CCD7F1F92B3DE0BE00D72071 /* Sources */,
				CCD7F1FA2B3DE0BE00D72071 /* Frameworks */,
				CCD7F1FB2B3DE0BE00D72071 /* Resources */,
			);
			buildRules = (
			);
			dependencies = (
			);
			name = SeekIssue;
			productName = SeekIssue;
			productReference = CCD7F1FD2B3DE0BE00D72071 /* SeekIssue.app */;
			productType = "com.apple.product-type.application";
		};
/* End PBXNativeTarget section */

/* Begin PBXProject section */
		CCD7F1F52B3DE0BE00D72071 /* Project object */ = {
			isa = PBXProject;
			attributes = {
				BuildIndependentTargetsInParallel = 1;
				LastSwiftUpdateCheck = 1510;
				LastUpgradeCheck = 1510;
				TargetAttributes = {
					CCD7F1FC2B3DE0BE00D72071 = {
						CreatedOnToolsVersion = 15.1;
					};
				};
			};
			buildConfigurationList = CCD7F1F82B3DE0BE00D72071 /* Build configuration list for PBXProject "SeekIssue" */;
			compatibilityVersion = "Xcode 14.0";
			developmentRegion = en;
			hasScannedForEncodings = 0;
			knownRegions = (
				en,
				Base,
			);
			mainGroup = CCD7F1F42B3DE0BE00D72071;
			productRefGroup = CCD7F1FE2B3DE0BE00D72071 /* Products */;
			projectDirPath = "";
			projectRoot = "";
			targets = (
				CCD7F1FC2B3DE0BE00D72071 /* SeekIssue */,
			);
		};
/* End PBXProject section */

/* Begin PBXResourcesBuildPhase section */
		CCD7F1FB2B3DE0BE00D72071 /* Resources */ = {
			isa = PBXResourcesBuildPhase;
			buildActionMask = 2147483647;
			files = (
				CCD7F2082B3DE0BF00D72071 /* Preview Assets.xcassets in Resources */,
				CCD7F2112B3DE17B00D72071 /* IMG_1376.MOV in Resources */,
				CCD7F2052B3DE0BF00D72071 /* Assets.xcassets in Resources */,
				CCD7F2102B3DE17B00D72071 /* IMG_1375.MOV in Resources */,
			);
			runOnlyForDeploymentPostprocessing = 0;
		};
/* End PBXResourcesBuildPhase section */

/* Begin PBXSourcesBuildPhase section */
		CCD7F1F92B3DE0BE00D72071 /* Sources */ = {
			isa = PBXSourcesBuildPhase;
			buildActionMask = 2147483647;
			files = (
				CCD7F2032B3DE0BE00D72071 /* ContentView.swift in Sources */,
				CCD7F2012B3DE0BE00D72071 /* SeekIssueApp.swift in Sources */,
			);
			runOnlyForDeploymentPostprocessing = 0;
		};
/* End PBXSourcesBuildPhase section */

/* Begin XCBuildConfiguration section */
		CCD7F2092B3DE0BF00D72071 /* Debug */ = {
			isa = XCBuildConfiguration;
			buildSettings = {
				ALWAYS_SEARCH_USER_PATHS = NO;
				ASSETCATALOG_COMPILER_GENERATE_SWIFT_ASSET_SYMBOL_EXTENSIONS = YES;
				CLANG_ANALYZER_NONNULL = YES;
				CLANG_ANALYZER_NUMBER_OBJECT_CONVERSION = YES_AGGRESSIVE;
				CLANG_CXX_LANGUAGE_STANDARD = "gnu++20";
				CLANG_ENABLE_MODULES = YES;
				CLANG_ENABLE_OBJC_ARC = YES;
				CLANG_ENABLE_OBJC_WEAK = YES;
				CLANG_WARN_BLOCK_CAPTURE_AUTORELEASING = YES;
				CLANG_WARN_BOOL_CONVERSION = YES;
				CLANG_WARN_COMMA = YES;
				CLANG_WARN_CONSTANT_CONVERSION = YES;
				CLANG_WARN_DEPRECATED_OBJC_IMPLEMENTATIONS = YES;
				CLANG_WARN_DIRECT_OBJC_ISA_USAGE = YES_ERROR;
				CLANG_WARN_DOCUMENTATION_COMMENTS = YES;
				CLANG_WARN_EMPTY_BODY = YES;
				CLANG_WARN_ENUM_CONVERSION = YES;
				CLANG_WARN_INFINITE_RECURSION = YES;
				CLANG_WARN_INT_CONVERSION = YES;
				CLANG_WARN_NON_LITERAL_NULL_CONVERSION = YES;
				CLANG_WARN_OBJC_IMPLICIT_RETAIN_SELF = YES;
				CLANG_WARN_OBJC_LITERAL_CONVERSION = YES;
				CLANG_WARN_OBJC_ROOT_CLASS = YES_ERROR;
				CLANG_WARN_QUOTED_INCLUDE_IN_FRAMEWORK_HEADER = YES;
				CLANG_WARN_RANGE_LOOP_ANALYSIS = YES;
				CLANG_WARN_STRICT_PROTOTYPES = YES;
				CLANG_WARN_SUSPICIOUS_MOVE = YES;
				CLANG_WARN_UNGUARDED_AVAILABILITY = YES_AGGRESSIVE;
				CLANG_WARN_UNREACHABLE_CODE = YES;
				CLANG_WARN__DUPLICATE_METHOD_MATCH = YES;
				COPY_PHASE_STRIP = NO;
				DEBUG_INFORMATION_FORMAT = dwarf;
				ENABLE_STRICT_OBJC_MSGSEND = YES;
				ENABLE_TESTABILITY = YES;
				ENABLE_USER_SCRIPT_SANDBOXING = YES;
				GCC_C_LANGUAGE_STANDARD = gnu17;
				GCC_DYNAMIC_NO_PIC = NO;
				GCC_NO_COMMON_BLOCKS = YES;
				GCC_OPTIMIZATION_LEVEL = 0;
				GCC_PREPROCESSOR_DEFINITIONS = (
					"DEBUG=1",
					"$(inherited)",
				);
				GCC_WARN_64_TO_32_BIT_CONVERSION = YES;
				GCC_WARN_ABOUT_RETURN_TYPE = YES_ERROR;
				GCC_WARN_UNDECLARED_SELECTOR = YES;
				GCC_WARN_UNINITIALIZED_AUTOS = YES_AGGRESSIVE;
				GCC_WARN_UNUSED_FUNCTION = YES;
				GCC_WARN_UNUSED_VARIABLE = YES;
				IPHONEOS_DEPLOYMENT_TARGET = 17.2;
				LOCALIZATION_PREFERS_STRING_CATALOGS = YES;
				MTL_ENABLE_DEBUG_INFO = INCLUDE_SOURCE;
				MTL_FAST_MATH = YES;
				ONLY_ACTIVE_ARCH = YES;
				SDKROOT = iphoneos;
				SWIFT_ACTIVE_COMPILATION_CONDITIONS = "DEBUG $(inherited)";
				SWIFT_OPTIMIZATION_LEVEL = "-Onone";
			};
			name = Debug;
		};
		CCD7F20A2B3DE0BF00D72071 /* Release */ = {
			isa = XCBuildConfiguration;
			buildSettings = {
				ALWAYS_SEARCH_USER_PATHS = NO;
				ASSETCATALOG_COMPILER_GENERATE_SWIFT_ASSET_SYMBOL_EXTENSIONS = YES;
				CLANG_ANALYZER_NONNULL = YES;
				CLANG_ANALYZER_NUMBER_OBJECT_CONVERSION = YES_AGGRESSIVE;
				CLANG_CXX_LANGUAGE_STANDARD = "gnu++20";
				CLANG_ENABLE_MODULES = YES;
				CLANG_ENABLE_OBJC_ARC = YES;
				CLANG_ENABLE_OBJC_WEAK = YES;
				CLANG_WARN_BLOCK_CAPTURE_AUTORELEASING = YES;
				CLANG_WARN_BOOL_CONVERSION = YES;
				CLANG_WARN_COMMA = YES;
				CLANG_WARN_CONSTANT_CONVERSION = YES;
				CLANG_WARN_DEPRECATED_OBJC_IMPLEMENTATIONS = YES;
				CLANG_WARN_DIRECT_OBJC_ISA_USAGE = YES_ERROR;
				CLANG_WARN_DOCUMENTATION_COMMENTS = YES;
				CLANG_WARN_EMPTY_BODY = YES;
				CLANG_WARN_ENUM_CONVERSION = YES;
				CLANG_WARN_INFINITE_RECURSION = YES;
				CLANG_WARN_INT_CONVERSION = YES;
				CLANG_WARN_NON_LITERAL_NULL_CONVERSION = YES;
				CLANG_WARN_OBJC_IMPLICIT_RETAIN_SELF = YES;
				CLANG_WARN_OBJC_LITERAL_CONVERSION = YES;
				CLANG_WARN_OBJC_ROOT_CLASS = YES_ERROR;
				CLANG_WARN_QUOTED_INCLUDE_IN_FRAMEWORK_HEADER = YES;
				CLANG_WARN_RANGE_LOOP_ANALYSIS = YES;
				CLANG_WARN_STRICT_PROTOTYPES = YES;
				CLANG_WARN_SUSPICIOUS_MOVE = YES;
				CLANG_WARN_UNGUARDED_AVAILABILITY = YES_AGGRESSIVE;
				CLANG_WARN_UNREACHABLE_CODE = YES;
				CLANG_WARN__DUPLICATE_METHOD_MATCH = YES;
				COPY_PHASE_STRIP = NO;
				DEBUG_INFORMATION_FORMAT = "dwarf-with-dsym";
				ENABLE_NS_ASSERTIONS = NO;
				ENABLE_STRICT_OBJC_MSGSEND = YES;
				ENABLE_USER_SCRIPT_SANDBOXING = YES;
				GCC_C_LANGUAGE_STANDARD = gnu17;
				GCC_NO_COMMON_BLOCKS = YES;
				GCC_WARN_64_TO_32_BIT_CONVERSION = YES;
				GCC_WARN_ABOUT_RETURN_TYPE = YES_ERROR;
				GCC_WARN_UNDECLARED_SELECTOR = YES;
				GCC_WARN_UNINITIALIZED_AUTOS = YES_AGGRESSIVE;
				GCC_WARN_UNUSED_FUNCTION = YES;
				GCC_WARN_UNUSED_VARIABLE = YES;
				IPHONEOS_DEPLOYMENT_TARGET = 17.2;
				LOCALIZATION_PREFERS_STRING_CATALOGS = YES;
				MTL_ENABLE_DEBUG_INFO = NO;
				MTL_FAST_MATH = YES;
				SDKROOT = iphoneos;
				SWIFT_COMPILATION_MODE = wholemodule;
				VALIDATE_PRODUCT = YES;
			};
			name = Release;
		};
		CCD7F20C2B3DE0BF00D72071 /* Debug */ = {
			isa = XCBuildConfiguration;
			buildSettings = {
				ASSETCATALOG_COMPILER_APPICON_NAME = AppIcon;
				ASSETCATALOG_COMPILER_GLOBAL_ACCENT_COLOR_NAME = AccentColor;
				CODE_SIGN_STYLE = Automatic;
				CURRENT_PROJECT_VERSION = 1;
				DEVELOPMENT_ASSET_PATHS = "\"SeekIssue/Preview Content\"";
				ENABLE_PREVIEWS = YES;
				GENERATE_INFOPLIST_FILE = YES;
				INFOPLIST_KEY_UIApplicationSceneManifest_Generation = YES;
				INFOPLIST_KEY_UIApplicationSupportsIndirectInputEvents = YES;
				INFOPLIST_KEY_UILaunchScreen_Generation = YES;
				INFOPLIST_KEY_UISupportedInterfaceOrientations_iPad = "UIInterfaceOrientationPortrait UIInterfaceOrientationPortraitUpsideDown UIInterfaceOrientationLandscapeLeft UIInterfaceOrientationLandscapeRight";
				INFOPLIST_KEY_UISupportedInterfaceOrientations_iPhone = "UIInterfaceOrientationPortrait UIInterfaceOrientationLandscapeLeft UIInterfaceOrientationLandscapeRight";
				LD_RUNPATH_SEARCH_PATHS = (
					"$(inherited)",
					"@executable_path/Frameworks",
				);
				MARKETING_VERSION = 1.0;
				PRODUCT_BUNDLE_IDENTIFIER = "com.templify.seek-issue.SeekIssue";
				PRODUCT_NAME = "$(TARGET_NAME)";
				SWIFT_EMIT_LOC_STRINGS = YES;
				SWIFT_VERSION = 5.0;
				TARGETED_DEVICE_FAMILY = "1,2";
			};
			name = Debug;
		};
		CCD7F20D2B3DE0BF00D72071 /* Release */ = {
			isa = XCBuildConfiguration;
			buildSettings = {
				ASSETCATALOG_COMPILER_APPICON_NAME = AppIcon;
				ASSETCATALOG_COMPILER_GLOBAL_ACCENT_COLOR_NAME = AccentColor;
				CODE_SIGN_STYLE = Automatic;
				CURRENT_PROJECT_VERSION = 1;
				DEVELOPMENT_ASSET_PATHS = "\"SeekIssue/Preview Content\"";
				ENABLE_PREVIEWS = YES;
				GENERATE_INFOPLIST_FILE = YES;
				INFOPLIST_KEY_UIApplicationSceneManifest_Generation = YES;
				INFOPLIST_KEY_UIApplicationSupportsIndirectInputEvents = YES;
				INFOPLIST_KEY_UILaunchScreen_Generation = YES;
				INFOPLIST_KEY_UISupportedInterfaceOrientations_iPad = "UIInterfaceOrientationPortrait UIInterfaceOrientationPortraitUpsideDown UIInterfaceOrientationLandscapeLeft UIInterfaceOrientationLandscapeRight";
				INFOPLIST_KEY_UISupportedInterfaceOrientations_iPhone = "UIInterfaceOrientationPortrait UIInterfaceOrientationLandscapeLeft UIInterfaceOrientationLandscapeRight";
				LD_RUNPATH_SEARCH_PATHS = (
					"$(inherited)",
					"@executable_path/Frameworks",
				);
				MARKETING_VERSION = 1.0;
				PRODUCT_BUNDLE_IDENTIFIER = "com.templify.seek-issue.SeekIssue";
				PRODUCT_NAME = "$(TARGET_NAME)";
				SWIFT_EMIT_LOC_STRINGS = YES;
				SWIFT_VERSION = 5.0;
				TARGETED_DEVICE_FAMILY = "1,2";
			};
			name = Release;
		};
/* End XCBuildConfiguration section */

/* Begin XCConfigurationList section */
		CCD7F1F82B3DE0BE00D72071 /* Build configuration list for PBXProject "SeekIssue" */ = {
			isa = XCConfigurationList;
			buildConfigurations = (
				CCD7F2092B3DE0BF00D72071 /* Debug */,
				CCD7F20A2B3DE0BF00D72071 /* Release */,
			);
			defaultConfigurationIsVisible = 0;
			defaultConfigurationName = Release;
		};
		CCD7F20B2B3DE0BF00D72071 /* Build configuration list for PBXNativeTarget "SeekIssue" */ = {
			isa = XCConfigurationList;
			buildConfigurations = (
				CCD7F20C2B3DE0BF00D72071 /* Debug */,
				CCD7F20D2B3DE0BF00D72071 /* Release */,
			);
			defaultConfigurationIsVisible = 0;
			defaultConfigurationName = Release;
		};
/* End XCConfigurationList section */
	};
	rootObject = CCD7F1F52B3DE0BE00D72071 /* Project object */;
}
